
Microsoft Visual Studio Solution File, Format Version 12.00
# Visual Studio Version 17
VisualStudioVersion = 17.8.34511.84
MinimumVisualStudioVersion = 10.0.40219.1
Project("{FAE04EC0-301F-11D3-BF4B-00C04F79EFBC}") = "OperazioneLogin", "OperazioneLogin\OperazioneLogin.csproj", "{C1285D09-D56F-475A-9F56-12C7D11B7DEE}"
EndProject
Global
	GlobalSection(SolutionConfigurationPlatforms) = preSolution
		Debug|Any CPU = Debug|Any CPU
		Release|Any CPU = Release|Any CPU
	EndGlobalSection
	GlobalSection(ProjectConfigurationPlatforms) = postSolution
		{C1285D09-D56F-475A-9F56-12C7D11B7DEE}.Debug|Any CPU.ActiveCfg = Debug|Any CPU
		{C1285D09-D56F-475A-9F56-12C7D11B7DEE}.Debug|Any CPU.Build.0 = Debug|Any CPU
		{C1285D09-D56F-475A-9F56-12C7D11B7DEE}.Release|Any CPU.ActiveCfg = Release|Any CPU
		{C1285D09-D56F-475A-9F56-12C7D11B7DEE}.Release|Any CPU.Build.0 = Release|Any CPU
	EndGlobalSection
	GlobalSection(SolutionProperties) = preSolution
		HideSolutionNode = FALSE
	EndGlobalSection
	GlobalSection(ExtensibilityGlobals) = postSolution
		SolutionGuid = {F9979959-9F4F-4B9A-8D8F-39C4966E494E}
	EndGlobalSection
EndGlobal
